
Microsoft Visual Studio Solution File, Format Version 12.00
# Visual Studio Version 17
VisualStudioVersion = 17.4.33213.308
MinimumVisualStudioVersion = 10.0.40219.1
Project("{9A19103F-16F7-4668-BE54-9A1E7A4F7556}") = "PPICards", "PPICards\PPICards.csproj", "{59E32BC8-52D4-4E5A-A332-CBB48E09DF3E}"
EndProject
Global
	GlobalSection(SolutionConfigurationPlatforms) = preSolution
		Debug|Any CPU = Debug|Any CPU
		Release|Any CPU = Release|Any CPU
	EndGlobalSection
	GlobalSection(ProjectConfigurationPlatforms) = postSolution
		{59E32BC8-52D4-4E5A-A332-CBB48E09DF3E}.Debug|Any CPU.ActiveCfg = Debug|Any CPU
		{59E32BC8-52D4-4E5A-A332-CBB48E09DF3E}.Debug|Any CPU.Build.0 = Debug|Any CPU
		{59E32BC8-52D4-4E5A-A332-CBB48E09DF3E}.Release|Any CPU.ActiveCfg = Release|Any CPU
		{59E32BC8-52D4-4E5A-A332-CBB48E09DF3E}.Release|Any CPU.Build.0 = Release|Any CPU
	EndGlobalSection
	GlobalSection(SolutionProperties) = preSolution
		HideSolutionNode = FALSE
	EndGlobalSection
	GlobalSection(ExtensibilityGlobals) = postSolution
		SolutionGuid = {14F15DC5-1232-4CF6-BCE4-8247346B19C4}
	EndGlobalSection
EndGlobal
